// !$*UTF8*$!
{
	archiveVersion = 1;
	classes = {
	};
	objectVersion = 46;
	objects = {

/* Begin PBXBuildFile section */
		05CACA8096A48335B82C836E /* libPods-Coupons.a in Frameworks */ = {isa = PBXBuildFile; fileRef = E3002D22ADF028EB91D9A541 /* libPods-Coupons.a */; };
		4C0676811B4E133F00B46386 /* CityCell.m in Sources */ = {isa = PBXBuildFile; fileRef = 4C0676801B4E133F00B46386 /* CityCell.m */; };
		4C206D9E1CCFA6C400FE390F /* GoogleMobileAds.framework in Frameworks */ = {isa = PBXBuildFile; fileRef = 4C206D9D1CCFA6C400FE390F /* GoogleMobileAds.framework */; };
		4C3688161C9590A600D27CF6 /* CartoonCell.m in Sources */ = {isa = PBXBuildFile; fileRef = 4C3688151C9590A600D27CF6 /* CartoonCell.m */; };
		4C3844A81B22E25B00177649 /* bottom_selected@2x.png in Resources */ = {isa = PBXBuildFile; fileRef = 4C3844A71B22E25B00177649 /* bottom_selected@2x.png */; };
		4C5398D51C990361003ED6CA /* 544@2x.png in Resources */ = {isa = PBXBuildFile; fileRef = 4C5398D41C990361003ED6CA /* 544@2x.png */; };
		4C5BDBC61CA19288003C14D8 /* CoreText.framework in Frameworks */ = {isa = PBXBuildFile; fileRef = 4C5BDBC51CA19288003C14D8 /* CoreText.framework */; };
		4C5BDBC81CA192BA003C14D8 /* PassKit.framework in Frameworks */ = {isa = PBXBuildFile; fileRef = 4C5BDBC71CA192BA003C14D8 /* PassKit.framework */; };
		4C5BDBCA1CA192D0003C14D8 /* Social.framework in Frameworks */ = {isa = PBXBuildFile; fileRef = 4C5BDBC91CA192D0003C14D8 /* Social.framework */; };
		4C5F5BE91B748ABC00B7E800 /* WMUserDefault.m in Sources */ = {isa = PBXBuildFile; fileRef = 4C5F5BE81B748ABC00B7E800 /* WMUserDefault.m */; };
		4C5F5BED1B749BB800B7E800 /* Coupons.m in Sources */ = {isa = PBXBuildFile; fileRef = 4C5F5BEC1B749BB800B7E800 /* Coupons.m */; };
		4C6BF9BF1B439D7700902F39 /* QuartzCore.framework in Frameworks */ = {isa = PBXBuildFile; fileRef = 4C6BF9BE1B439D7700902F39 /* QuartzCore.framework */; };
		4C6BF9C11B439D8300902F39 /* Security.framework in Frameworks */ = {isa = PBXBuildFile; fileRef = 4C6BF9C01B439D8300902F39 /* Security.framework */; };
		4C6BF9C31B439D8F00902F39 /* AdSupport.framework in Frameworks */ = {isa = PBXBuildFile; fileRef = 4C6BF9C21B439D8F00902F39 /* AdSupport.framework */; };
		4C6BF9C51B439D9900902F39 /* StoreKit.framework in Frameworks */ = {isa = PBXBuildFile; fileRef = 4C6BF9C41B439D9900902F39 /* StoreKit.framework */; };
		4C6BF9C71B439DA700902F39 /* AudioToolbox.framework in Frameworks */ = {isa = PBXBuildFile; fileRef = 4C6BF9C61B439DA700902F39 /* AudioToolbox.framework */; };
		4C6BF9C91B439DB100902F39 /* CoreMotion.framework in Frameworks */ = {isa = PBXBuildFile; fileRef = 4C6BF9C81B439DB100902F39 /* CoreMotion.framework */; };
		4C6BF9CB1B439DBA00902F39 /* MediaPlayer.framework in Frameworks */ = {isa = PBXBuildFile; fileRef = 4C6BF9CA1B439DBA00902F39 /* MediaPlayer.framework */; };
		4C6BF9CD1B439DC900902F39 /* AVFoundation.framework in Frameworks */ = {isa = PBXBuildFile; fileRef = 4C6BF9CC1B439DC900902F39 /* AVFoundation.framework */; };
		4C6BF9CF1B439DD200902F39 /* MessageUI.framework in Frameworks */ = {isa = PBXBuildFile; fileRef = 4C6BF9CE1B439DD200902F39 /* MessageUI.framework */; settings = {ATTRIBUTES = (Weak, ); }; };
		4C6BF9D31B439E0500902F39 /* UIKit.framework in Frameworks */ = {isa = PBXBuildFile; fileRef = 4C6BF9D21B439E0500902F39 /* UIKit.framework */; };
		4C6BF9D51B439E1900902F39 /* CoreGraphics.framework in Frameworks */ = {isa = PBXBuildFile; fileRef = 4C6BF9D41B439E1900902F39 /* CoreGraphics.framework */; };
		4C816AAB1B4EABA300C75954 /* UIImage+KIAdditions.m in Sources */ = {isa = PBXBuildFile; fileRef = 4C816AAA1B4EABA300C75954 /* UIImage+KIAdditions.m */; };
		4C88B7461B4CFCB10028F293 /* MptTableHeadView.m in Sources */ = {isa = PBXBuildFile; fileRef = 4C88B7451B4CFCB10028F293 /* MptTableHeadView.m */; };
		4C88B74A1B4D0A2F0028F293 /* MptTableHeadCell.m in Sources */ = {isa = PBXBuildFile; fileRef = 4C88B7491B4D0A2F0028F293 /* MptTableHeadCell.m */; };
		4C88B74D1B4D0ABD0028F293 /* MptPageControl.m in Sources */ = {isa = PBXBuildFile; fileRef = 4C88B74C1B4D0ABD0028F293 /* MptPageControl.m */; };
		4C88B7501B4D11BD0028F293 /* CartoonHeadView.m in Sources */ = {isa = PBXBuildFile; fileRef = 4C88B74F1B4D11BD0028F293 /* CartoonHeadView.m */; };
		4CA5CE391B2E786E0095AF51 /* AboutViewController.m in Sources */ = {isa = PBXBuildFile; fileRef = 4CA5CE381B2E786E0095AF51 /* AboutViewController.m */; };
		4CA5CE3C1B2EAFE40095AF51 /* CartoonViewController.m in Sources */ = {isa = PBXBuildFile; fileRef = 4CA5CE3B1B2EAFE40095AF51 /* CartoonViewController.m */; };
		4CA5CE401B2ED99C0095AF51 /* 20150613@2x.png in Resources */ = {isa = PBXBuildFile; fileRef = 4CA5CE3F1B2ED99C0095AF51 /* 20150613@2x.png */; };
		4CA6760E1BB531FC005530BF /* libicucore.tbd in Frameworks */ = {isa = PBXBuildFile; fileRef = 4CA6760D1BB531FC005530BF /* libicucore.tbd */; };
		4CA676101BB53212005530BF /* libxml2.tbd in Frameworks */ = {isa = PBXBuildFile; fileRef = 4CA6760F1BB53212005530BF /* libxml2.tbd */; };
		4CA676121BB53220005530BF /* libz.tbd in Frameworks */ = {isa = PBXBuildFile; fileRef = 4CA676111BB53220005530BF /* libz.tbd */; };
		4CA676141BB53232005530BF /* libstdc++.tbd in Frameworks */ = {isa = PBXBuildFile; fileRef = 4CA676131BB53232005530BF /* libstdc++.tbd */; };
		4CC317F21C84316500F4010F /* MapKit.framework in Frameworks */ = {isa = PBXBuildFile; fileRef = 4CC317F11C84316500F4010F /* MapKit.framework */; settings = {ATTRIBUTES = (Weak, ); }; };
		4CC317F41C84319000F4010F /* libsqlite3.tbd in Frameworks */ = {isa = PBXBuildFile; fileRef = 4CC317F31C84319000F4010F /* libsqlite3.tbd */; settings = {ATTRIBUTES = (Weak, ); }; };
		4CC317F61C84375900F4010F /* libiconv.tbd in Frameworks */ = {isa = PBXBuildFile; fileRef = 4CC317F51C84375900F4010F /* libiconv.tbd */; };
		4CC317F81C84376E00F4010F /* libstdc++.6.0.9.tbd in Frameworks */ = {isa = PBXBuildFile; fileRef = 4CC317F71C84376E00F4010F /* libstdc++.6.0.9.tbd */; };
		4CC317FA1C84379100F4010F /* libsqlite3.0.tbd in Frameworks */ = {isa = PBXBuildFile; fileRef = 4CC317F91C84379100F4010F /* libsqlite3.0.tbd */; };
		4CC317FC1C8437B500F4010F /* CoreFoundation.framework in Frameworks */ = {isa = PBXBuildFile; fileRef = 4CC317FB1C8437B500F4010F /* CoreFoundation.framework */; };
		4CC317FE1C8437CB00F4010F /* CoreData.framework in Frameworks */ = {isa = PBXBuildFile; fileRef = 4CC317FD1C8437CB00F4010F /* CoreData.framework */; };
		4CC318001C8437DC00F4010F /* CoreMedia.framework in Frameworks */ = {isa = PBXBuildFile; fileRef = 4CC317FF1C8437DC00F4010F /* CoreMedia.framework */; };
		4CC318021C8437E900F4010F /* CoreVideo.framework in Frameworks */ = {isa = PBXBuildFile; fileRef = 4CC318011C8437E900F4010F /* CoreVideo.framework */; };
		4CC318041C8437F200F4010F /* ImageIO.framework in Frameworks */ = {isa = PBXBuildFile; fileRef = 4CC318031C8437F200F4010F /* ImageIO.framework */; };
		4CC318061C84380600F4010F /* CFNetwork.framework in Frameworks */ = {isa = PBXBuildFile; fileRef = 4CC318051C84380600F4010F /* CFNetwork.framework */; };
		4CC318081C84381F00F4010F /* iAd.framework in Frameworks */ = {isa = PBXBuildFile; fileRef = 4CC318071C84381F00F4010F /* iAd.framework */; };
		4CC3180A1C84382B00F4010F /* OpenAL.framework in Frameworks */ = {isa = PBXBuildFile; fileRef = 4CC318091C84382B00F4010F /* OpenAL.framework */; };
		4CC3180C1C84385200F4010F /* EventKit.framework in Frameworks */ = {isa = PBXBuildFile; fileRef = 4CC3180B1C84385200F4010F /* EventKit.framework */; };
		4CC3180E1C8438DA00F4010F /* EventKitUI.framework in Frameworks */ = {isa = PBXBuildFile; fileRef = 4CC3180D1C8438DA00F4010F /* EventKitUI.framework */; };
		4CD07ECB1B21AE51000D1DB9 /* ToolBarPicker.m in Sources */ = {isa = PBXBuildFile; fileRef = 4CD07ECA1B21AE51000D1DB9 /* ToolBarPicker.m */; };
		4CD07ECE1B21BB5E000D1DB9 /* CouponsListViewController.m in Sources */ = {isa = PBXBuildFile; fileRef = 4CD07ECD1B21BB5E000D1DB9 /* CouponsListViewController.m */; };
		4CD07ED11B21BEE8000D1DB9 /* CouponsCell.m in Sources */ = {isa = PBXBuildFile; fileRef = 4CD07ED01B21BEE8000D1DB9 /* CouponsCell.m */; };
		4CE87ED11B18499C0011D6B5 /* main.m in Sources */ = {isa = PBXBuildFile; fileRef = 4CE87ED01B18499C0011D6B5 /* main.m */; };
		4CE87ED41B18499C0011D6B5 /* AppDelegate.m in Sources */ = {isa = PBXBuildFile; fileRef = 4CE87ED31B18499C0011D6B5 /* AppDelegate.m */; };
		4CE87EDC1B18499C0011D6B5 /* Images.xcassets in Resources */ = {isa = PBXBuildFile; fileRef = 4CE87EDB1B18499C0011D6B5 /* Images.xcassets */; };
		4CE87EEB1B18499C0011D6B5 /* CouponsTests.m in Sources */ = {isa = PBXBuildFile; fileRef = 4CE87EEA1B18499C0011D6B5 /* CouponsTests.m */; };
		4CE87F011B1850280011D6B5 /* MLNavigationController.m in Sources */ = {isa = PBXBuildFile; fileRef = 4CE87F001B1850280011D6B5 /* MLNavigationController.m */; };
		4CE87F3C1B1F12490011D6B5 /* RootViewController.m in Sources */ = {isa = PBXBuildFile; fileRef = 4CE87F3B1B1F12490011D6B5 /* RootViewController.m */; };
		4CE87F401B1F142E0011D6B5 /* Utility.m in Sources */ = {isa = PBXBuildFile; fileRef = 4CE87F3F1B1F142E0011D6B5 /* Utility.m */; };
		4CE87F431B1F15940011D6B5 /* HomeViewController.m in Sources */ = {isa = PBXBuildFile; fileRef = 4CE87F421B1F15940011D6B5 /* HomeViewController.m */; };
		4CE87F471B1F1F680011D6B5 /* CoreLocation.framework in Frameworks */ = {isa = PBXBuildFile; fileRef = 4CE87F461B1F1F680011D6B5 /* CoreLocation.framework */; settings = {ATTRIBUTES = (Weak, ); }; };
		4CE87F491B1F1F720011D6B5 /* CoreTelephony.framework in Frameworks */ = {isa = PBXBuildFile; fileRef = 4CE87F481B1F1F720011D6B5 /* CoreTelephony.framework */; settings = {ATTRIBUTES = (Weak, ); }; };
		4CE87F4B1B1F1F7A0011D6B5 /* MobileCoreServices.framework in Frameworks */ = {isa = PBXBuildFile; fileRef = 4CE87F4A1B1F1F7A0011D6B5 /* MobileCoreServices.framework */; };
		4CE87F4D1B1F1F890011D6B5 /* SystemConfiguration.framework in Frameworks */ = {isa = PBXBuildFile; fileRef = 4CE87F4C1B1F1F890011D6B5 /* SystemConfiguration.framework */; settings = {ATTRIBUTES = (Weak, ); }; };
		4CE87F4F1B1F1F920011D6B5 /* Foundation.framework in Frameworks */ = {isa = PBXBuildFile; fileRef = 4CE87F4E1B1F1F920011D6B5 /* Foundation.framework */; };
		4CEC14531BFB3BE400CCBE68 /* UpdateTime.m in Sources */ = {isa = PBXBuildFile; fileRef = 4CEC14521BFB3BE400CCBE68 /* UpdateTime.m */; };
		4CF4B5431B4CD34F00017C9A /* ad2@2x.png in Resources */ = {isa = PBXBuildFile; fileRef = 4CF4B5421B4CD34F00017C9A /* ad2@2x.png */; };
		4CF9710E1C95792A009C2A62 /* DailyCartoon.m in Sources */ = {isa = PBXBuildFile; fileRef = 4CF9710D1C95792A009C2A62 /* DailyCartoon.m */; };
/* End PBXBuildFile section */

/* Begin PBXContainerItemProxy section */
		4CE87EE51B18499C0011D6B5 /* PBXContainerItemProxy */ = {
			isa = PBXContainerItemProxy;
			containerPortal = 4CE87EC31B18499C0011D6B5 /* Project object */;
			proxyType = 1;
			remoteGlobalIDString = 4CE87ECA1B18499C0011D6B5;
			remoteInfo = Coupons;
		};
/* End PBXContainerItemProxy section */

/* Begin PBXFileReference section */
		4C06767F1B4E133F00B46386 /* CityCell.h */ = {isa = PBXFileReference; fileEncoding = 4; lastKnownFileType = sourcecode.c.h; path = CityCell.h; sourceTree = "<group>"; };
		4C0676801B4E133F00B46386 /* CityCell.m */ = {isa = PBXFileReference; fileEncoding = 4; lastKnownFileType = sourcecode.c.objc; path = CityCell.m; sourceTree = "<group>"; };
		4C206D9D1CCFA6C400FE390F /* GoogleMobileAds.framework */ = {isa = PBXFileReference; lastKnownFileType = wrapper.framework; path = GoogleMobileAds.framework; sourceTree = "<group>"; };
		4C3688141C9590A600D27CF6 /* CartoonCell.h */ = {isa = PBXFileReference; fileEncoding = 4; lastKnownFileType = sourcecode.c.h; path = CartoonCell.h; sourceTree = "<group>"; };
		4C3688151C9590A600D27CF6 /* CartoonCell.m */ = {isa = PBXFileReference; fileEncoding = 4; lastKnownFileType = sourcecode.c.objc; path = CartoonCell.m; sourceTree = "<group>"; };
		4C3844A71B22E25B00177649 /* bottom_selected@2x.png */ = {isa = PBXFileReference; lastKnownFileType = image.png; path = "bottom_selected@2x.png"; sourceTree = "<group>"; };
		4C5398D41C990361003ED6CA /* 544@2x.png */ = {isa = PBXFileReference; lastKnownFileType = image.png; path = "544@2x.png"; sourceTree = "<group>"; };
		4C5BDBC51CA19288003C14D8 /* CoreText.framework */ = {isa = PBXFileReference; lastKnownFileType = wrapper.framework; name = CoreText.framework; path = System/Library/Frameworks/CoreText.framework; sourceTree = SDKROOT; };
		4C5BDBC71CA192BA003C14D8 /* PassKit.framework */ = {isa = PBXFileReference; lastKnownFileType = wrapper.framework; name = PassKit.framework; path = System/Library/Frameworks/PassKit.framework; sourceTree = SDKROOT; };
		4C5BDBC91CA192D0003C14D8 /* Social.framework */ = {isa = PBXFileReference; lastKnownFileType = wrapper.framework; name = Social.framework; path = System/Library/Frameworks/Social.framework; sourceTree = SDKROOT; };
		4C5F5BE71B748ABC00B7E800 /* WMUserDefault.h */ = {isa = PBXFileReference; fileEncoding = 4; lastKnownFileType = sourcecode.c.h; path = WMUserDefault.h; sourceTree = "<group>"; };
		4C5F5BE81B748ABC00B7E800 /* WMUserDefault.m */ = {isa = PBXFileReference; fileEncoding = 4; lastKnownFileType = sourcecode.c.objc; path = WMUserDefault.m; sourceTree = "<group>"; };
		4C5F5BEB1B749BB800B7E800 /* Coupons.h */ = {isa = PBXFileReference; fileEncoding = 4; lastKnownFileType = sourcecode.c.h; path = Coupons.h; sourceTree = "<group>"; };
		4C5F5BEC1B749BB800B7E800 /* Coupons.m */ = {isa = PBXFileReference; fileEncoding = 4; lastKnownFileType = sourcecode.c.objc; path = Coupons.m; sourceTree = "<group>"; };
		4C6BF9BE1B439D7700902F39 /* QuartzCore.framework */ = {isa = PBXFileReference; lastKnownFileType = wrapper.framework; name = QuartzCore.framework; path = System/Library/Frameworks/QuartzCore.framework; sourceTree = SDKROOT; };
		4C6BF9C01B439D8300902F39 /* Security.framework */ = {isa = PBXFileReference; lastKnownFileType = wrapper.framework; name = Security.framework; path = System/Library/Frameworks/Security.framework; sourceTree = SDKROOT; };
		4C6BF9C21B439D8F00902F39 /* AdSupport.framework */ = {isa = PBXFileReference; lastKnownFileType = wrapper.framework; name = AdSupport.framework; path = System/Library/Frameworks/AdSupport.framework; sourceTree = SDKROOT; };
		4C6BF9C41B439D9900902F39 /* StoreKit.framework */ = {isa = PBXFileReference; lastKnownFileType = wrapper.framework; name = StoreKit.framework; path = System/Library/Frameworks/StoreKit.framework; sourceTree = SDKROOT; };
		4C6BF9C61B439DA700902F39 /* AudioToolbox.framework */ = {isa = PBXFileReference; lastKnownFileType = wrapper.framework; name = AudioToolbox.framework; path = System/Library/Frameworks/AudioToolbox.framework; sourceTree = SDKROOT; };
		4C6BF9C81B439DB100902F39 /* CoreMotion.framework */ = {isa = PBXFileReference; lastKnownFileType = wrapper.framework; name = CoreMotion.framework; path = System/Library/Frameworks/CoreMotion.framework; sourceTree = SDKROOT; };
		4C6BF9CA1B439DBA00902F39 /* MediaPlayer.framework */ = {isa = PBXFileReference; lastKnownFileType = wrapper.framework; name = MediaPlayer.framework; path = System/Library/Frameworks/MediaPlayer.framework; sourceTree = SDKROOT; };
		4C6BF9CC1B439DC900902F39 /* AVFoundation.framework */ = {isa = PBXFileReference; lastKnownFileType = wrapper.framework; name = AVFoundation.framework; path = System/Library/Frameworks/AVFoundation.framework; sourceTree = SDKROOT; };
		4C6BF9CE1B439DD200902F39 /* MessageUI.framework */ = {isa = PBXFileReference; lastKnownFileType = wrapper.framework; name = MessageUI.framework; path = System/Library/Frameworks/MessageUI.framework; sourceTree = SDKROOT; };
		4C6BF9D21B439E0500902F39 /* UIKit.framework */ = {isa = PBXFileReference; lastKnownFileType = wrapper.framework; name = UIKit.framework; path = System/Library/Frameworks/UIKit.framework; sourceTree = SDKROOT; };
		4C6BF9D41B439E1900902F39 /* CoreGraphics.framework */ = {isa = PBXFileReference; lastKnownFileType = wrapper.framework; name = CoreGraphics.framework; path = System/Library/Frameworks/CoreGraphics.framework; sourceTree = SDKROOT; };
		4C816AA91B4EABA300C75954 /* UIImage+KIAdditions.h */ = {isa = PBXFileReference; fileEncoding = 4; lastKnownFileType = sourcecode.c.h; path = "UIImage+KIAdditions.h"; sourceTree = "<group>"; };
		4C816AAA1B4EABA300C75954 /* UIImage+KIAdditions.m */ = {isa = PBXFileReference; fileEncoding = 4; lastKnownFileType = sourcecode.c.objc; path = "UIImage+KIAdditions.m"; sourceTree = "<group>"; };
		4C88B7441B4CFCB10028F293 /* MptTableHeadView.h */ = {isa = PBXFileReference; fileEncoding = 4; lastKnownFileType = sourcecode.c.h; path = MptTableHeadView.h; sourceTree = "<group>"; };
		4C88B7451B4CFCB10028F293 /* MptTableHeadView.m */ = {isa = PBXFileReference; fileEncoding = 4; lastKnownFileType = sourcecode.c.objc; path = MptTableHeadView.m; sourceTree = "<group>"; };
		4C88B7471B4CFCFB0028F293 /* WMMacro.h */ = {isa = PBXFileReference; fileEncoding = 4; lastKnownFileType = sourcecode.c.h; path = WMMacro.h; sourceTree = "<group>"; };
		4C88B7481B4D0A2F0028F293 /* MptTableHeadCell.h */ = {isa = PBXFileReference; fileEncoding = 4; lastKnownFileType = sourcecode.c.h; path = MptTableHeadCell.h; sourceTree = "<group>"; };
		4C88B7491B4D0A2F0028F293 /* MptTableHeadCell.m */ = {isa = PBXFileReference; fileEncoding = 4; lastKnownFileType = sourcecode.c.objc; path = MptTableHeadCell.m; sourceTree = "<group>"; };
		4C88B74B1B4D0ABD0028F293 /* MptPageControl.h */ = {isa = PBXFileReference; fileEncoding = 4; lastKnownFileType = sourcecode.c.h; path = MptPageControl.h; sourceTree = "<group>"; };
		4C88B74C1B4D0ABD0028F293 /* MptPageControl.m */ = {isa = PBXFileReference; fileEncoding = 4; lastKnownFileType = sourcecode.c.objc; path = MptPageControl.m; sourceTree = "<group>"; };
		4C88B74E1B4D11BD0028F293 /* CartoonHeadView.h */ = {isa = PBXFileReference; fileEncoding = 4; lastKnownFileType = sourcecode.c.h; path = CartoonHeadView.h; sourceTree = "<group>"; };
		4C88B74F1B4D11BD0028F293 /* CartoonHeadView.m */ = {isa = PBXFileReference; fileEncoding = 4; lastKnownFileType = sourcecode.c.objc; path = CartoonHeadView.m; sourceTree = "<group>"; };
		4CA5CE371B2E786E0095AF51 /* AboutViewController.h */ = {isa = PBXFileReference; fileEncoding = 4; lastKnownFileType = sourcecode.c.h; path = AboutViewController.h; sourceTree = "<group>"; };
		4CA5CE381B2E786E0095AF51 /* AboutViewController.m */ = {isa = PBXFileReference; fileEncoding = 4; lastKnownFileType = sourcecode.c.objc; path = AboutViewController.m; sourceTree = "<group>"; };
		4CA5CE3A1B2EAFE40095AF51 /* CartoonViewController.h */ = {isa = PBXFileReference; fileEncoding = 4; lastKnownFileType = sourcecode.c.h; path = CartoonViewController.h; sourceTree = "<group>"; };
		4CA5CE3B1B2EAFE40095AF51 /* CartoonViewController.m */ = {isa = PBXFileReference; fileEncoding = 4; lastKnownFileType = sourcecode.c.objc; path = CartoonViewController.m; sourceTree = "<group>"; };
		4CA5CE3F1B2ED99C0095AF51 /* 20150613@2x.png */ = {isa = PBXFileReference; lastKnownFileType = image.png; path = "20150613@2x.png"; sourceTree = "<group>"; };
		4CA6760D1BB531FC005530BF /* libicucore.tbd */ = {isa = PBXFileReference; lastKnownFileType = "sourcecode.text-based-dylib-definition"; name = libicucore.tbd; path = usr/lib/libicucore.tbd; sourceTree = SDKROOT; };
		4CA6760F1BB53212005530BF /* libxml2.tbd */ = {isa = PBXFileReference; lastKnownFileType = "sourcecode.text-based-dylib-definition"; name = libxml2.tbd; path = usr/lib/libxml2.tbd; sourceTree = SDKROOT; };
		4CA676111BB53220005530BF /* libz.tbd */ = {isa = PBXFileReference; lastKnownFileType = "sourcecode.text-based-dylib-definition"; name = libz.tbd; path = usr/lib/libz.tbd; sourceTree = SDKROOT; };
		4CA676131BB53232005530BF /* libstdc++.tbd */ = {isa = PBXFileReference; lastKnownFileType = "sourcecode.text-based-dylib-definition"; name = "libstdc++.tbd"; path = "usr/lib/libstdc++.tbd"; sourceTree = SDKROOT; };
		4CC317F11C84316500F4010F /* MapKit.framework */ = {isa = PBXFileReference; lastKnownFileType = wrapper.framework; name = MapKit.framework; path = System/Library/Frameworks/MapKit.framework; sourceTree = SDKROOT; };
		4CC317F31C84319000F4010F /* libsqlite3.tbd */ = {isa = PBXFileReference; lastKnownFileType = "sourcecode.text-based-dylib-definition"; name = libsqlite3.tbd; path = usr/lib/libsqlite3.tbd; sourceTree = SDKROOT; };
		4CC317F51C84375900F4010F /* libiconv.tbd */ = {isa = PBXFileReference; lastKnownFileType = "sourcecode.text-based-dylib-definition"; name = libiconv.tbd; path = usr/lib/libiconv.tbd; sourceTree = SDKROOT; };
		4CC317F71C84376E00F4010F /* libstdc++.6.0.9.tbd */ = {isa = PBXFileReference; lastKnownFileType = "sourcecode.text-based-dylib-definition"; name = "libstdc++.6.0.9.tbd"; path = "usr/lib/libstdc++.6.0.9.tbd"; sourceTree = SDKROOT; };
		4CC317F91C84379100F4010F /* libsqlite3.0.tbd */ = {isa = PBXFileReference; lastKnownFileType = "sourcecode.text-based-dylib-definition"; name = libsqlite3.0.tbd; path = usr/lib/libsqlite3.0.tbd; sourceTree = SDKROOT; };
		4CC317FB1C8437B500F4010F /* CoreFoundation.framework */ = {isa = PBXFileReference; lastKnownFileType = wrapper.framework; name = CoreFoundation.framework; path = System/Library/Frameworks/CoreFoundation.framework; sourceTree = SDKROOT; };
		4CC317FD1C8437CB00F4010F /* CoreData.framework */ = {isa = PBXFileReference; lastKnownFileType = wrapper.framework; name = CoreData.framework; path = System/Library/Frameworks/CoreData.framework; sourceTree = SDKROOT; };
		4CC317FF1C8437DC00F4010F /* CoreMedia.framework */ = {isa = PBXFileReference; lastKnownFileType = wrapper.framework; name = CoreMedia.framework; path = System/Library/Frameworks/CoreMedia.framework; sourceTree = SDKROOT; };
		4CC318011C8437E900F4010F /* CoreVideo.framework */ = {isa = PBXFileReference; lastKnownFileType = wrapper.framework; name = CoreVideo.framework; path = System/Library/Frameworks/CoreVideo.framework; sourceTree = SDKROOT; };
		4CC318031C8437F200F4010F /* ImageIO.framework */ = {isa = PBXFileReference; lastKnownFileType = wrapper.framework; name = ImageIO.framework; path = System/Library/Frameworks/ImageIO.framework; sourceTree = SDKROOT; };
		4CC318051C84380600F4010F /* CFNetwork.framework */ = {isa = PBXFileReference; lastKnownFileType = wrapper.framework; name = CFNetwork.framework; path = System/Library/Frameworks/CFNetwork.framework; sourceTree = SDKROOT; };
		4CC318071C84381F00F4010F /* iAd.framework */ = {isa = PBXFileReference; lastKnownFileType = wrapper.framework; name = iAd.framework; path = System/Library/Frameworks/iAd.framework; sourceTree = SDKROOT; };
		4CC318091C84382B00F4010F /* OpenAL.framework */ = {isa = PBXFileReference; lastKnownFileType = wrapper.framework; name = OpenAL.framework; path = System/Library/Frameworks/OpenAL.framework; sourceTree = SDKROOT; };
		4CC3180B1C84385200F4010F /* EventKit.framework */ = {isa = PBXFileReference; lastKnownFileType = wrapper.framework; name = EventKit.framework; path = System/Library/Frameworks/EventKit.framework; sourceTree = SDKROOT; };
		4CC3180D1C8438DA00F4010F /* EventKitUI.framework */ = {isa = PBXFileReference; lastKnownFileType = wrapper.framework; name = EventKitUI.framework; path = System/Library/Frameworks/EventKitUI.framework; sourceTree = SDKROOT; };
		4CD07EC91B21AE51000D1DB9 /* ToolBarPicker.h */ = {isa = PBXFileReference; fileEncoding = 4; lastKnownFileType = sourcecode.c.h; path = ToolBarPicker.h; sourceTree = "<group>"; };
		4CD07ECA1B21AE51000D1DB9 /* ToolBarPicker.m */ = {isa = PBXFileReference; fileEncoding = 4; lastKnownFileType = sourcecode.c.objc; path = ToolBarPicker.m; sourceTree = "<group>"; };
		4CD07ECC1B21BB5E000D1DB9 /* CouponsListViewController.h */ = {isa = PBXFileReference; fileEncoding = 4; lastKnownFileType = sourcecode.c.h; path = CouponsListViewController.h; sourceTree = "<group>"; };
		4CD07ECD1B21BB5E000D1DB9 /* CouponsListViewController.m */ = {isa = PBXFileReference; fileEncoding = 4; lastKnownFileType = sourcecode.c.objc; path = CouponsListViewController.m; sourceTree = "<group>"; };
		4CD07ECF1B21BEE8000D1DB9 /* CouponsCell.h */ = {isa = PBXFileReference; fileEncoding = 4; lastKnownFileType = sourcecode.c.h; path = CouponsCell.h; sourceTree = "<group>"; };
		4CD07ED01B21BEE8000D1DB9 /* CouponsCell.m */ = {isa = PBXFileReference; fileEncoding = 4; lastKnownFileType = sourcecode.c.objc; path = CouponsCell.m; sourceTree = "<group>"; };
		4CE87ECB1B18499C0011D6B5 /* Coupons.app */ = {isa = PBXFileReference; explicitFileType = wrapper.application; includeInIndex = 0; path = Coupons.app; sourceTree = BUILT_PRODUCTS_DIR; };
		4CE87ECF1B18499C0011D6B5 /* Info.plist */ = {isa = PBXFileReference; lastKnownFileType = text.plist.xml; path = Info.plist; sourceTree = "<group>"; };
		4CE87ED01B18499C0011D6B5 /* main.m */ = {isa = PBXFileReference; lastKnownFileType = sourcecode.c.objc; path = main.m; sourceTree = "<group>"; };
		4CE87ED21B18499C0011D6B5 /* AppDelegate.h */ = {isa = PBXFileReference; lastKnownFileType = sourcecode.c.h; path = AppDelegate.h; sourceTree = "<group>"; };
		4CE87ED31B18499C0011D6B5 /* AppDelegate.m */ = {isa = PBXFileReference; lastKnownFileType = sourcecode.c.objc; path = AppDelegate.m; sourceTree = "<group>"; };
		4CE87EDB1B18499C0011D6B5 /* Images.xcassets */ = {isa = PBXFileReference; lastKnownFileType = folder.assetcatalog; path = Images.xcassets; sourceTree = "<group>"; };
		4CE87EE41B18499C0011D6B5 /* CouponsTests.xctest */ = {isa = PBXFileReference; explicitFileType = wrapper.cfbundle; includeInIndex = 0; path = CouponsTests.xctest; sourceTree = BUILT_PRODUCTS_DIR; };
		4CE87EE91B18499C0011D6B5 /* Info.plist */ = {isa = PBXFileReference; lastKnownFileType = text.plist.xml; path = Info.plist; sourceTree = "<group>"; };
		4CE87EEA1B18499C0011D6B5 /* CouponsTests.m */ = {isa = PBXFileReference; lastKnownFileType = sourcecode.c.objc; path = CouponsTests.m; sourceTree = "<group>"; };
		4CE87EFF1B1850280011D6B5 /* MLNavigationController.h */ = {isa = PBXFileReference; fileEncoding = 4; lastKnownFileType = sourcecode.c.h; path = MLNavigationController.h; sourceTree = "<group>"; };
		4CE87F001B1850280011D6B5 /* MLNavigationController.m */ = {isa = PBXFileReference; fileEncoding = 4; lastKnownFileType = sourcecode.c.objc; path = MLNavigationController.m; sourceTree = "<group>"; };
		4CE87F3A1B1F12490011D6B5 /* RootViewController.h */ = {isa = PBXFileReference; fileEncoding = 4; lastKnownFileType = sourcecode.c.h; path = RootViewController.h; sourceTree = "<group>"; };
		4CE87F3B1B1F12490011D6B5 /* RootViewController.m */ = {isa = PBXFileReference; fileEncoding = 4; lastKnownFileType = sourcecode.c.objc; path = RootViewController.m; sourceTree = "<group>"; };
		4CE87F3E1B1F142E0011D6B5 /* Utility.h */ = {isa = PBXFileReference; fileEncoding = 4; lastKnownFileType = sourcecode.c.h; path = Utility.h; sourceTree = "<group>"; };
		4CE87F3F1B1F142E0011D6B5 /* Utility.m */ = {isa = PBXFileReference; fileEncoding = 4; lastKnownFileType = sourcecode.c.objc; path = Utility.m; sourceTree = "<group>"; };
		4CE87F411B1F15940011D6B5 /* HomeViewController.h */ = {isa = PBXFileReference; fileEncoding = 4; lastKnownFileType = sourcecode.c.h; path = HomeViewController.h; sourceTree = "<group>"; };
		4CE87F421B1F15940011D6B5 /* HomeViewController.m */ = {isa = PBXFileReference; fileEncoding = 4; lastKnownFileType = sourcecode.c.objc; path = HomeViewController.m; sourceTree = "<group>"; };
		4CE87F461B1F1F680011D6B5 /* CoreLocation.framework */ = {isa = PBXFileReference; lastKnownFileType = wrapper.framework; name = CoreLocation.framework; path = System/Library/Frameworks/CoreLocation.framework; sourceTree = SDKROOT; };
		4CE87F481B1F1F720011D6B5 /* CoreTelephony.framework */ = {isa = PBXFileReference; lastKnownFileType = wrapper.framework; name = CoreTelephony.framework; path = System/Library/Frameworks/CoreTelephony.framework; sourceTree = SDKROOT; };
		4CE87F4A1B1F1F7A0011D6B5 /* MobileCoreServices.framework */ = {isa = PBXFileReference; lastKnownFileType = wrapper.framework; name = MobileCoreServices.framework; path = System/Library/Frameworks/MobileCoreServices.framework; sourceTree = SDKROOT; };
		4CE87F4C1B1F1F890011D6B5 /* SystemConfiguration.framework */ = {isa = PBXFileReference; lastKnownFileType = wrapper.framework; name = SystemConfiguration.framework; path = System/Library/Frameworks/SystemConfiguration.framework; sourceTree = SDKROOT; };
		4CE87F4E1B1F1F920011D6B5 /* Foundation.framework */ = {isa = PBXFileReference; lastKnownFileType = wrapper.framework; name = Foundation.framework; path = System/Library/Frameworks/Foundation.framework; sourceTree = SDKROOT; };
		4CEC14511BFB3BE400CCBE68 /* UpdateTime.h */ = {isa = PBXFileReference; fileEncoding = 4; lastKnownFileType = sourcecode.c.h; path = UpdateTime.h; sourceTree = "<group>"; };
		4CEC14521BFB3BE400CCBE68 /* UpdateTime.m */ = {isa = PBXFileReference; fileEncoding = 4; lastKnownFileType = sourcecode.c.objc; path = UpdateTime.m; sourceTree = "<group>"; };
		4CF4B5421B4CD34F00017C9A /* ad2@2x.png */ = {isa = PBXFileReference; lastKnownFileType = image.png; path = "ad2@2x.png"; sourceTree = "<group>"; };
		4CF9710C1C95792A009C2A62 /* DailyCartoon.h */ = {isa = PBXFileReference; fileEncoding = 4; lastKnownFileType = sourcecode.c.h; path = DailyCartoon.h; sourceTree = "<group>"; };
		4CF9710D1C95792A009C2A62 /* DailyCartoon.m */ = {isa = PBXFileReference; fileEncoding = 4; lastKnownFileType = sourcecode.c.objc; path = DailyCartoon.m; sourceTree = "<group>"; };
		AFB156FEA08AA33E76A1727D /* Pods-Coupons.debug.xcconfig */ = {isa = PBXFileReference; includeInIndex = 1; lastKnownFileType = text.xcconfig; name = "Pods-Coupons.debug.xcconfig"; path = "Pods/Target Support Files/Pods-Coupons/Pods-Coupons.debug.xcconfig"; sourceTree = "<group>"; };
		BA8B3120F7B87579895ED932 /* Pods-Coupons.release.xcconfig */ = {isa = PBXFileReference; includeInIndex = 1; lastKnownFileType = text.xcconfig; name = "Pods-Coupons.release.xcconfig"; path = "Pods/Target Support Files/Pods-Coupons/Pods-Coupons.release.xcconfig"; sourceTree = "<group>"; };
		E3002D22ADF028EB91D9A541 /* libPods-Coupons.a */ = {isa = PBXFileReference; explicitFileType = archive.ar; includeInIndex = 0; path = "libPods-Coupons.a"; sourceTree = BUILT_PRODUCTS_DIR; };
/* End PBXFileReference section */

/* Begin PBXFrameworksBuildPhase section */
		4CE87EC81B18499C0011D6B5 /* Frameworks */ = {
			isa = PBXFrameworksBuildPhase;
			buildActionMask = 2147483647;
			files = (
				4C6BF9C71B439DA700902F39 /* AudioToolbox.framework in Frameworks */,
				4C5BDBCA1CA192D0003C14D8 /* Social.framework in Frameworks */,
				4C5BDBC81CA192BA003C14D8 /* PassKit.framework in Frameworks */,
				4C5BDBC61CA19288003C14D8 /* CoreText.framework in Frameworks */,
				4CC3180E1C8438DA00F4010F /* EventKitUI.framework in Frameworks */,
				4CC3180C1C84385200F4010F /* EventKit.framework in Frameworks */,
				4CC3180A1C84382B00F4010F /* OpenAL.framework in Frameworks */,
				4CC318081C84381F00F4010F /* iAd.framework in Frameworks */,
				4CE87F4B1B1F1F7A0011D6B5 /* MobileCoreServices.framework in Frameworks */,
				4CC318061C84380600F4010F /* CFNetwork.framework in Frameworks */,
				4CC318041C8437F200F4010F /* ImageIO.framework in Frameworks */,
				4CC318021C8437E900F4010F /* CoreVideo.framework in Frameworks */,
				4C206D9E1CCFA6C400FE390F /* GoogleMobileAds.framework in Frameworks */,
				4CC318001C8437DC00F4010F /* CoreMedia.framework in Frameworks */,
				4CC317FE1C8437CB00F4010F /* CoreData.framework in Frameworks */,
				4CC317FC1C8437B500F4010F /* CoreFoundation.framework in Frameworks */,
				4CC317FA1C84379100F4010F /* libsqlite3.0.tbd in Frameworks */,
				4CC317F81C84376E00F4010F /* libstdc++.6.0.9.tbd in Frameworks */,
				4CC317F61C84375900F4010F /* libiconv.tbd in Frameworks */,
				4CC317F41C84319000F4010F /* libsqlite3.tbd in Frameworks */,
				4CC317F21C84316500F4010F /* MapKit.framework in Frameworks */,
				4CA676141BB53232005530BF /* libstdc++.tbd in Frameworks */,
				4CA676121BB53220005530BF /* libz.tbd in Frameworks */,
				4CA676101BB53212005530BF /* libxml2.tbd in Frameworks */,
				4CA6760E1BB531FC005530BF /* libicucore.tbd in Frameworks */,
				4C6BF9D51B439E1900902F39 /* CoreGraphics.framework in Frameworks */,
				4CE87F4F1B1F1F920011D6B5 /* Foundation.framework in Frameworks */,
				4C6BF9D31B439E0500902F39 /* UIKit.framework in Frameworks */,
				4CE87F4D1B1F1F890011D6B5 /* SystemConfiguration.framework in Frameworks */,
				4C6BF9CF1B439DD200902F39 /* MessageUI.framework in Frameworks */,
				4C6BF9CD1B439DC900902F39 /* AVFoundation.framework in Frameworks */,
				4C6BF9CB1B439DBA00902F39 /* MediaPlayer.framework in Frameworks */,
				4C6BF9C91B439DB100902F39 /* CoreMotion.framework in Frameworks */,
				4C6BF9C51B439D9900902F39 /* StoreKit.framework in Frameworks */,
				4C6BF9C31B439D8F00902F39 /* AdSupport.framework in Frameworks */,
				4C6BF9C11B439D8300902F39 /* Security.framework in Frameworks */,
				4C6BF9BF1B439D7700902F39 /* QuartzCore.framework in Frameworks */,
				4CE87F491B1F1F720011D6B5 /* CoreTelephony.framework in Frameworks */,
				4CE87F471B1F1F680011D6B5 /* CoreLocation.framework in Frameworks */,
				05CACA8096A48335B82C836E /* libPods-Coupons.a in Frameworks */,
			);
			runOnlyForDeploymentPostprocessing = 0;
		};
		4CE87EE11B18499C0011D6B5 /* Frameworks */ = {
			isa = PBXFrameworksBuildPhase;
			buildActionMask = 2147483647;
			files = (
			);
			runOnlyForDeploymentPostprocessing = 0;
		};
/* End PBXFrameworksBuildPhase section */

/* Begin PBXGroup section */
		4C5F5BEA1B749B9400B7E800 /* DataModel */ = {
			isa = PBXGroup;
			children = (
				4C5F5BEB1B749BB800B7E800 /* Coupons.h */,
				4C5F5BEC1B749BB800B7E800 /* Coupons.m */,
				4CF9710C1C95792A009C2A62 /* DailyCartoon.h */,
				4CF9710D1C95792A009C2A62 /* DailyCartoon.m */,
				4CEC14511BFB3BE400CCBE68 /* UpdateTime.h */,
				4CEC14521BFB3BE400CCBE68 /* UpdateTime.m */,
			);
			path = DataModel;
			sourceTree = "<group>";
		};
		4CD07EC81B21AE41000D1DB9 /* UIView */ = {
			isa = PBXGroup;
			children = (
				4CD07EC91B21AE51000D1DB9 /* ToolBarPicker.h */,
				4CD07ECA1B21AE51000D1DB9 /* ToolBarPicker.m */,
				4C06767F1B4E133F00B46386 /* CityCell.h */,
				4C0676801B4E133F00B46386 /* CityCell.m */,
				4C88B7441B4CFCB10028F293 /* MptTableHeadView.h */,
				4C88B7451B4CFCB10028F293 /* MptTableHeadView.m */,
				4C88B7481B4D0A2F0028F293 /* MptTableHeadCell.h */,
				4C88B7491B4D0A2F0028F293 /* MptTableHeadCell.m */,
				4C88B74E1B4D11BD0028F293 /* CartoonHeadView.h */,
				4C88B74F1B4D11BD0028F293 /* CartoonHeadView.m */,
				4C88B74B1B4D0ABD0028F293 /* MptPageControl.h */,
				4C88B74C1B4D0ABD0028F293 /* MptPageControl.m */,
			);
			path = UIView;
			sourceTree = "<group>";
		};
		4CD3F75E1B35396800029B6A /* open source */ = {
			isa = PBXGroup;
			children = (
				4C816AA91B4EABA300C75954 /* UIImage+KIAdditions.h */,
				4C816AAA1B4EABA300C75954 /* UIImage+KIAdditions.m */,
			);
			path = "open source";
			sourceTree = "<group>";
		};
		4CE87EC21B18499C0011D6B5 = {
			isa = PBXGroup;
			children = (
				4C206D9D1CCFA6C400FE390F /* GoogleMobileAds.framework */,
				4C5BDBC91CA192D0003C14D8 /* Social.framework */,
				4C5BDBC71CA192BA003C14D8 /* PassKit.framework */,
				4C5BDBC51CA19288003C14D8 /* CoreText.framework */,
				4CC3180D1C8438DA00F4010F /* EventKitUI.framework */,
				4CC3180B1C84385200F4010F /* EventKit.framework */,
				4CC318091C84382B00F4010F /* OpenAL.framework */,
				4CC318071C84381F00F4010F /* iAd.framework */,
				4CC318051C84380600F4010F /* CFNetwork.framework */,
				4CC318031C8437F200F4010F /* ImageIO.framework */,
				4CC318011C8437E900F4010F /* CoreVideo.framework */,
				4CC317FF1C8437DC00F4010F /* CoreMedia.framework */,
				4CC317FD1C8437CB00F4010F /* CoreData.framework */,
				4CC317FB1C8437B500F4010F /* CoreFoundation.framework */,
				4CC317F91C84379100F4010F /* libsqlite3.0.tbd */,
				4CC317F71C84376E00F4010F /* libstdc++.6.0.9.tbd */,
				4CC317F51C84375900F4010F /* libiconv.tbd */,
				4CC317F31C84319000F4010F /* libsqlite3.tbd */,
				4CC317F11C84316500F4010F /* MapKit.framework */,
				4CA676131BB53232005530BF /* libstdc++.tbd */,
				4CA676111BB53220005530BF /* libz.tbd */,
				4CA6760F1BB53212005530BF /* libxml2.tbd */,
				4CA6760D1BB531FC005530BF /* libicucore.tbd */,
				4C6BF9D41B439E1900902F39 /* CoreGraphics.framework */,
				4C6BF9D21B439E0500902F39 /* UIKit.framework */,
				4C6BF9CE1B439DD200902F39 /* MessageUI.framework */,
				4C6BF9CC1B439DC900902F39 /* AVFoundation.framework */,
				4C6BF9CA1B439DBA00902F39 /* MediaPlayer.framework */,
				4C6BF9C81B439DB100902F39 /* CoreMotion.framework */,
				4C6BF9C61B439DA700902F39 /* AudioToolbox.framework */,
				4C6BF9C41B439D9900902F39 /* StoreKit.framework */,
				4C6BF9C21B439D8F00902F39 /* AdSupport.framework */,
				4C6BF9C01B439D8300902F39 /* Security.framework */,
				4C6BF9BE1B439D7700902F39 /* QuartzCore.framework */,
				4CE87F4E1B1F1F920011D6B5 /* Foundation.framework */,
				4CE87F4C1B1F1F890011D6B5 /* SystemConfiguration.framework */,
				4CE87F4A1B1F1F7A0011D6B5 /* MobileCoreServices.framework */,
				4CE87F481B1F1F720011D6B5 /* CoreTelephony.framework */,
				4CE87F461B1F1F680011D6B5 /* CoreLocation.framework */,
				4CE87ECD1B18499C0011D6B5 /* Coupons */,
				4CE87EE71B18499C0011D6B5 /* CouponsTests */,
				4CE87ECC1B18499C0011D6B5 /* Products */,
				6459AD2EBC6F2C8221FC4808 /* Pods */,
				B5720DC4FDE64F5D65ECE2F0 /* Frameworks */,
			);
			sourceTree = "<group>";
		};
		4CE87ECC1B18499C0011D6B5 /* Products */ = {
			isa = PBXGroup;
			children = (
				4CE87ECB1B18499C0011D6B5 /* Coupons.app */,
				4CE87EE41B18499C0011D6B5 /* CouponsTests.xctest */,
			);
			name = Products;
			sourceTree = "<group>";
		};
		4CE87ECD1B18499C0011D6B5 /* Coupons */ = {
			isa = PBXGroup;
			children = (
				4C5F5BEA1B749B9400B7E800 /* DataModel */,
				4CD3F75E1B35396800029B6A /* open source */,
				4CD07EC81B21AE41000D1DB9 /* UIView */,
				4CE87F3D1B1F141F0011D6B5 /* Utility */,
				4CE87F041B1C77980011D6B5 /* ViewController */,
				4CE87EFE1B1850280011D6B5 /* Navigation */,
				4CE87ED21B18499C0011D6B5 /* AppDelegate.h */,
				4CE87ED31B18499C0011D6B5 /* AppDelegate.m */,
				4CE87EDB1B18499C0011D6B5 /* Images.xcassets */,
				4CE87ECE1B18499C0011D6B5 /* Supporting Files */,
			);
			path = Coupons;
			sourceTree = "<group>";
		};
		4CE87ECE1B18499C0011D6B5 /* Supporting Files */ = {
			isa = PBXGroup;
			children = (
				4CF4B5421B4CD34F00017C9A /* ad2@2x.png */,
				4C5398D41C990361003ED6CA /* 544@2x.png */,
				4CA5CE3F1B2ED99C0095AF51 /* 20150613@2x.png */,
				4C3844A71B22E25B00177649 /* bottom_selected@2x.png */,
				4CE87ECF1B18499C0011D6B5 /* Info.plist */,
				4CE87ED01B18499C0011D6B5 /* main.m */,
			);
			name = "Supporting Files";
			sourceTree = "<group>";
		};
		4CE87EE71B18499C0011D6B5 /* CouponsTests */ = {
			isa = PBXGroup;
			children = (
				4CE87EEA1B18499C0011D6B5 /* CouponsTests.m */,
				4CE87EE81B18499C0011D6B5 /* Supporting Files */,
			);
			path = CouponsTests;
			sourceTree = "<group>";
		};
		4CE87EE81B18499C0011D6B5 /* Supporting Files */ = {
			isa = PBXGroup;
			children = (
				4CE87EE91B18499C0011D6B5 /* Info.plist */,
			);
			name = "Supporting Files";
			sourceTree = "<group>";
		};
		4CE87EFE1B1850280011D6B5 /* Navigation */ = {
			isa = PBXGroup;
			children = (
				4CE87EFF1B1850280011D6B5 /* MLNavigationController.h */,
				4CE87F001B1850280011D6B5 /* MLNavigationController.m */,
			);
			path = Navigation;
			sourceTree = "<group>";
		};
		4CE87F041B1C77980011D6B5 /* ViewController */ = {
			isa = PBXGroup;
			children = (
				4CE87F411B1F15940011D6B5 /* HomeViewController.h */,
				4CE87F421B1F15940011D6B5 /* HomeViewController.m */,
				4CA5CE3A1B2EAFE40095AF51 /* CartoonViewController.h */,
				4CA5CE3B1B2EAFE40095AF51 /* CartoonViewController.m */,
				4CA5CE371B2E786E0095AF51 /* AboutViewController.h */,
				4CA5CE381B2E786E0095AF51 /* AboutViewController.m */,
				4CD07ECC1B21BB5E000D1DB9 /* CouponsListViewController.h */,
				4CD07ECD1B21BB5E000D1DB9 /* CouponsListViewController.m */,
				4CD07ECF1B21BEE8000D1DB9 /* CouponsCell.h */,
				4CD07ED01B21BEE8000D1DB9 /* CouponsCell.m */,
				4C3688141C9590A600D27CF6 /* CartoonCell.h */,
				4C3688151C9590A600D27CF6 /* CartoonCell.m */,
				4CE87F3A1B1F12490011D6B5 /* RootViewController.h */,
				4CE87F3B1B1F12490011D6B5 /* RootViewController.m */,
			);
			path = ViewController;
			sourceTree = "<group>";
		};
		4CE87F3D1B1F141F0011D6B5 /* Utility */ = {
			isa = PBXGroup;
			children = (
				4C5F5BE71B748ABC00B7E800 /* WMUserDefault.h */,
				4C5F5BE81B748ABC00B7E800 /* WMUserDefault.m */,
				4C88B7471B4CFCFB0028F293 /* WMMacro.h */,
				4CE87F3E1B1F142E0011D6B5 /* Utility.h */,
				4CE87F3F1B1F142E0011D6B5 /* Utility.m */,
			);
			path = Utility;
			sourceTree = "<group>";
		};
		6459AD2EBC6F2C8221FC4808 /* Pods */ = {
			isa = PBXGroup;
			children = (
				AFB156FEA08AA33E76A1727D /* Pods-Coupons.debug.xcconfig */,
				BA8B3120F7B87579895ED932 /* Pods-Coupons.release.xcconfig */,
			);
			name = Pods;
			sourceTree = "<group>";
		};
		B5720DC4FDE64F5D65ECE2F0 /* Frameworks */ = {
			isa = PBXGroup;
			children = (
				E3002D22ADF028EB91D9A541 /* libPods-Coupons.a */,
			);
			name = Frameworks;
			sourceTree = "<group>";
		};
/* End PBXGroup section */

/* Begin PBXNativeTarget section */
		4CE87ECA1B18499C0011D6B5 /* Coupons */ = {
			isa = PBXNativeTarget;
			buildConfigurationList = 4CE87EEE1B18499C0011D6B5 /* Build configuration list for PBXNativeTarget "Coupons" */;
			buildPhases = (
				F98745E9CB1341F02C1980BB /* [CP] Check Pods Manifest.lock */,
				4CE87EC71B18499C0011D6B5 /* Sources */,
				4CE87EC81B18499C0011D6B5 /* Frameworks */,
				4CE87EC91B18499C0011D6B5 /* Resources */,
				FDE3D9D9A1FFC7E0B4BF7718 /* [CP] Embed Pods Frameworks */,
				DB657998123F4B1DF5ECF601 /* [CP] Copy Pods Resources */,
			);
			buildRules = (
			);
			dependencies = (
			);
			name = Coupons;
			productName = Coupons;
			productReference = 4CE87ECB1B18499C0011D6B5 /* Coupons.app */;
			productType = "com.apple.product-type.application";
		};
		4CE87EE31B18499C0011D6B5 /* CouponsTests */ = {
			isa = PBXNativeTarget;
			buildConfigurationList = 4CE87EF11B18499C0011D6B5 /* Build configuration list for PBXNativeTarget "CouponsTests" */;
			buildPhases = (
				4CE87EE01B18499C0011D6B5 /* Sources */,
				4CE87EE11B18499C0011D6B5 /* Frameworks */,
				4CE87EE21B18499C0011D6B5 /* Resources */,
			);
			buildRules = (
			);
			dependencies = (
				4CE87EE61B18499C0011D6B5 /* PBXTargetDependency */,
			);
			name = CouponsTests;
			productName = CouponsTests;
			productReference = 4CE87EE41B18499C0011D6B5 /* CouponsTests.xctest */;
			productType = "com.apple.product-type.bundle.unit-test";
		};
/* End PBXNativeTarget section */

/* Begin PBXProject section */
		4CE87EC31B18499C0011D6B5 /* Project object */ = {
			isa = PBXProject;
			attributes = {
				LastUpgradeCheck = 0900;
				ORGANIZATIONNAME = Michael;
				TargetAttributes = {
					4CE87ECA1B18499C0011D6B5 = {
						CreatedOnToolsVersion = 6.3.2;
						DevelopmentTeam = TGV2ER7UVL;
					};
					4CE87EE31B18499C0011D6B5 = {
						CreatedOnToolsVersion = 6.3.2;
						TestTargetID = 4CE87ECA1B18499C0011D6B5;
					};
				};
			};
			buildConfigurationList = 4CE87EC61B18499C0011D6B5 /* Build configuration list for PBXProject "Coupons" */;
			compatibilityVersion = "Xcode 3.2";
			developmentRegion = English;
			hasScannedForEncodings = 0;
			knownRegions = (
				en,
				Base,
			);
			mainGroup = 4CE87EC21B18499C0011D6B5;
			productRefGroup = 4CE87ECC1B18499C0011D6B5 /* Products */;
			projectDirPath = "";
			projectRoot = "";
			targets = (
				4CE87ECA1B18499C0011D6B5 /* Coupons */,
				4CE87EE31B18499C0011D6B5 /* CouponsTests */,
			);
		};
/* End PBXProject section */

/* Begin PBXResourcesBuildPhase section */
		4CE87EC91B18499C0011D6B5 /* Resources */ = {
			isa = PBXResourcesBuildPhase;
			buildActionMask = 2147483647;
			files = (
				4C3844A81B22E25B00177649 /* bottom_selected@2x.png in Resources */,
				4CE87EDC1B18499C0011D6B5 /* Images.xcassets in Resources */,
				4C5398D51C990361003ED6CA /* 544@2x.png in Resources */,
				4CA5CE401B2ED99C0095AF51 /* 20150613@2x.png in Resources */,
				4CF4B5431B4CD34F00017C9A /* ad2@2x.png in Resources */,
			);
			runOnlyForDeploymentPostprocessing = 0;
		};
		4CE87EE21B18499C0011D6B5 /* Resources */ = {
			isa = PBXResourcesBuildPhase;
			buildActionMask = 2147483647;
			files = (
			);
			runOnlyForDeploymentPostprocessing = 0;
		};
/* End PBXResourcesBuildPhase section */

/* Begin PBXShellScriptBuildPhase section */
		DB657998123F4B1DF5ECF601 /* [CP] Copy Pods Resources */ = {
			isa = PBXShellScriptBuildPhase;
			buildActionMask = 2147483647;
			files = (
			);
			inputPaths = (
				"${SRCROOT}/Pods/Target Support Files/Pods-Coupons/Pods-Coupons-resources.sh",
				"${PODS_ROOT}/AVOSCloud/AVOS/AVOSCloud/AVOSCloud_Art.inc",
			);
			name = "[CP] Copy Pods Resources";
			outputPaths = (
				"${TARGET_BUILD_DIR}/${UNLOCALIZED_RESOURCES_FOLDER_PATH}",
			);
			runOnlyForDeploymentPostprocessing = 0;
			shellPath = /bin/sh;
			shellScript = "\"${SRCROOT}/Pods/Target Support Files/Pods-Coupons/Pods-Coupons-resources.sh\"\n";
			showEnvVarsInLog = 0;
		};
		F98745E9CB1341F02C1980BB /* [CP] Check Pods Manifest.lock */ = {
			isa = PBXShellScriptBuildPhase;
			buildActionMask = 2147483647;
			files = (
			);
			inputPaths = (
				"${PODS_PODFILE_DIR_PATH}/Podfile.lock",
				"${PODS_ROOT}/Manifest.lock",
			);
			name = "[CP] Check Pods Manifest.lock";
			outputPaths = (
				"$(DERIVED_FILE_DIR)/Pods-Coupons-checkManifestLockResult.txt",
			);
			runOnlyForDeploymentPostprocessing = 0;
			shellPath = /bin/sh;
			shellScript = "diff \"${PODS_PODFILE_DIR_PATH}/Podfile.lock\" \"${PODS_ROOT}/Manifest.lock\" > /dev/null\nif [ $? != 0 ] ; then\n    # print error to STDERR\n    echo \"error: The sandbox is not in sync with the Podfile.lock. Run 'pod install' or update your CocoaPods installation.\" >&2\n    exit 1\nfi\n# This output is used by Xcode 'outputs' to avoid re-running this script phase.\necho \"SUCCESS\" > \"${SCRIPT_OUTPUT_FILE_0}\"\n";
			showEnvVarsInLog = 0;
		};
		FDE3D9D9A1FFC7E0B4BF7718 /* [CP] Embed Pods Frameworks */ = {
			isa = PBXShellScriptBuildPhase;
			buildActionMask = 2147483647;
			files = (
			);
			inputPaths = (
			);
			name = "[CP] Embed Pods Frameworks";
			outputPaths = (
			);
			runOnlyForDeploymentPostprocessing = 0;
			shellPath = /bin/sh;
			shellScript = "\"${SRCROOT}/Pods/Target Support Files/Pods-Coupons/Pods-Coupons-frameworks.sh\"\n";
			showEnvVarsInLog = 0;
		};
/* End PBXShellScriptBuildPhase section */

/* Begin PBXSourcesBuildPhase section */
		4CE87EC71B18499C0011D6B5 /* Sources */ = {
			isa = PBXSourcesBuildPhase;
			buildActionMask = 2147483647;
			files = (
				4CD07ECE1B21BB5E000D1DB9 /* CouponsListViewController.m in Sources */,
				4CE87F431B1F15940011D6B5 /* HomeViewController.m in Sources */,
				4CEC14531BFB3BE400CCBE68 /* UpdateTime.m in Sources */,
				4C0676811B4E133F00B46386 /* CityCell.m in Sources */,
				4CE87F3C1B1F12490011D6B5 /* RootViewController.m in Sources */,
				4C88B74A1B4D0A2F0028F293 /* MptTableHeadCell.m in Sources */,
				4C88B7501B4D11BD0028F293 /* CartoonHeadView.m in Sources */,
				4CE87ED41B18499C0011D6B5 /* AppDelegate.m in Sources */,
				4C3688161C9590A600D27CF6 /* CartoonCell.m in Sources */,
				4CE87F401B1F142E0011D6B5 /* Utility.m in Sources */,
				4C5F5BE91B748ABC00B7E800 /* WMUserDefault.m in Sources */,
				4C88B7461B4CFCB10028F293 /* MptTableHeadView.m in Sources */,
				4CD07ECB1B21AE51000D1DB9 /* ToolBarPicker.m in Sources */,
				4CD07ED11B21BEE8000D1DB9 /* CouponsCell.m in Sources */,
				4CE87F011B1850280011D6B5 /* MLNavigationController.m in Sources */,
				4CA5CE391B2E786E0095AF51 /* AboutViewController.m in Sources */,
				4CF9710E1C95792A009C2A62 /* DailyCartoon.m in Sources */,
				4C88B74D1B4D0ABD0028F293 /* MptPageControl.m in Sources */,
				4CE87ED11B18499C0011D6B5 /* main.m in Sources */,
				4C816AAB1B4EABA300C75954 /* UIImage+KIAdditions.m in Sources */,
				4CA5CE3C1B2EAFE40095AF51 /* CartoonViewController.m in Sources */,
				4C5F5BED1B749BB800B7E800 /* Coupons.m in Sources */,
			);
			runOnlyForDeploymentPostprocessing = 0;
		};
		4CE87EE01B18499C0011D6B5 /* Sources */ = {
			isa = PBXSourcesBuildPhase;
			buildActionMask = 2147483647;
			files = (
				4CE87EEB1B18499C0011D6B5 /* CouponsTests.m in Sources */,
			);
			runOnlyForDeploymentPostprocessing = 0;
		};
/* End PBXSourcesBuildPhase section */

/* Begin PBXTargetDependency section */
		4CE87EE61B18499C0011D6B5 /* PBXTargetDependency */ = {
			isa = PBXTargetDependency;
			target = 4CE87ECA1B18499C0011D6B5 /* Coupons */;
			targetProxy = 4CE87EE51B18499C0011D6B5 /* PBXContainerItemProxy */;
		};
/* End PBXTargetDependency section */

/* Begin XCBuildConfiguration section */
		4CE87EEC1B18499C0011D6B5 /* Debug */ = {
			isa = XCBuildConfiguration;
			buildSettings = {
				ALWAYS_SEARCH_USER_PATHS = NO;
				CLANG_CXX_LANGUAGE_STANDARD = "gnu++0x";
				CLANG_CXX_LIBRARY = "libc++";
				CLANG_ENABLE_MODULES = YES;
				CLANG_ENABLE_OBJC_ARC = YES;
				CLANG_WARN_BLOCK_CAPTURE_AUTORELEASING = YES;
				CLANG_WARN_BOOL_CONVERSION = YES;
				CLANG_WARN_COMMA = YES;
				CLANG_WARN_CONSTANT_CONVERSION = YES;
				CLANG_WARN_DIRECT_OBJC_ISA_USAGE = YES_ERROR;
				CLANG_WARN_EMPTY_BODY = YES;
				CLANG_WARN_ENUM_CONVERSION = YES;
				CLANG_WARN_INFINITE_RECURSION = YES;
				CLANG_WARN_INT_CONVERSION = YES;
				CLANG_WARN_NON_LITERAL_NULL_CONVERSION = YES;
				CLANG_WARN_OBJC_LITERAL_CONVERSION = YES;
				CLANG_WARN_OBJC_ROOT_CLASS = YES_ERROR;
				CLANG_WARN_RANGE_LOOP_ANALYSIS = YES;
				CLANG_WARN_STRICT_PROTOTYPES = YES;
				CLANG_WARN_SUSPICIOUS_MOVE = YES;
				CLANG_WARN_UNREACHABLE_CODE = YES;
				CLANG_WARN__DUPLICATE_METHOD_MATCH = YES;
				"CODE_SIGN_IDENTITY[sdk=iphoneos*]" = "iPhone Developer";
				COPY_PHASE_STRIP = NO;
				DEBUG_INFORMATION_FORMAT = "dwarf-with-dsym";
				ENABLE_STRICT_OBJC_MSGSEND = YES;
				ENABLE_TESTABILITY = YES;
				GCC_C_LANGUAGE_STANDARD = gnu99;
				GCC_DYNAMIC_NO_PIC = NO;
				GCC_NO_COMMON_BLOCKS = YES;
				GCC_OPTIMIZATION_LEVEL = 0;
				GCC_PREPROCESSOR_DEFINITIONS = (
					"DEBUG=1",
					"$(inherited)",
				);
				GCC_SYMBOLS_PRIVATE_EXTERN = NO;
				GCC_WARN_64_TO_32_BIT_CONVERSION = YES;
				GCC_WARN_ABOUT_RETURN_TYPE = YES_ERROR;
				GCC_WARN_UNDECLARED_SELECTOR = YES;
				GCC_WARN_UNINITIALIZED_AUTOS = YES_AGGRESSIVE;
				GCC_WARN_UNUSED_FUNCTION = YES;
				GCC_WARN_UNUSED_VARIABLE = YES;
				IPHONEOS_DEPLOYMENT_TARGET = 8.3;
				MTL_ENABLE_DEBUG_INFO = YES;
				ONLY_ACTIVE_ARCH = YES;
				SDKROOT = iphoneos;
			};
			name = Debug;
		};
		4CE87EED1B18499C0011D6B5 /* Release */ = {
			isa = XCBuildConfiguration;
			buildSettings = {
				ALWAYS_SEARCH_USER_PATHS = NO;
				CLANG_CXX_LANGUAGE_STANDARD = "gnu++0x";
				CLANG_CXX_LIBRARY = "libc++";
				CLANG_ENABLE_MODULES = YES;
				CLANG_ENABLE_OBJC_ARC = YES;
				CLANG_WARN_BLOCK_CAPTURE_AUTORELEASING = YES;
				CLANG_WARN_BOOL_CONVERSION = YES;
				CLANG_WARN_COMMA = YES;
				CLANG_WARN_CONSTANT_CONVERSION = YES;
				CLANG_WARN_DIRECT_OBJC_ISA_USAGE = YES_ERROR;
				CLANG_WARN_EMPTY_BODY = YES;
				CLANG_WARN_ENUM_CONVERSION = YES;
				CLANG_WARN_INFINITE_RECURSION = YES;
				CLANG_WARN_INT_CONVERSION = YES;
				CLANG_WARN_NON_LITERAL_NULL_CONVERSION = YES;
				CLANG_WARN_OBJC_LITERAL_CONVERSION = YES;
				CLANG_WARN_OBJC_ROOT_CLASS = YES_ERROR;
				CLANG_WARN_RANGE_LOOP_ANALYSIS = YES;
				CLANG_WARN_STRICT_PROTOTYPES = YES;
				CLANG_WARN_SUSPICIOUS_MOVE = YES;
				CLANG_WARN_UNREACHABLE_CODE = YES;
				CLANG_WARN__DUPLICATE_METHOD_MATCH = YES;
				"CODE_SIGN_IDENTITY[sdk=iphoneos*]" = "iPhone Developer";
				COPY_PHASE_STRIP = NO;
				DEBUG_INFORMATION_FORMAT = "dwarf-with-dsym";
				ENABLE_NS_ASSERTIONS = NO;
				ENABLE_STRICT_OBJC_MSGSEND = YES;
				GCC_C_LANGUAGE_STANDARD = gnu99;
				GCC_NO_COMMON_BLOCKS = YES;
				GCC_WARN_64_TO_32_BIT_CONVERSION = YES;
				GCC_WARN_ABOUT_RETURN_TYPE = YES_ERROR;
				GCC_WARN_UNDECLARED_SELECTOR = YES;
				GCC_WARN_UNINITIALIZED_AUTOS = YES_AGGRESSIVE;
				GCC_WARN_UNUSED_FUNCTION = YES;
				GCC_WARN_UNUSED_VARIABLE = YES;
				IPHONEOS_DEPLOYMENT_TARGET = 8.3;
				MTL_ENABLE_DEBUG_INFO = NO;
				SDKROOT = iphoneos;
				VALIDATE_PRODUCT = YES;
			};
			name = Release;
		};
		4CE87EEF1B18499C0011D6B5 /* Debug */ = {
			isa = XCBuildConfiguration;
			baseConfigurationReference = AFB156FEA08AA33E76A1727D /* Pods-Coupons.debug.xcconfig */;
			buildSettings = {
				ASSETCATALOG_COMPILER_APPICON_NAME = AppIcon;
				ASSETCATALOG_COMPILER_LAUNCHIMAGE_NAME = LaunchImage;
				CODE_SIGN_IDENTITY = "iPhone Developer";
				"CODE_SIGN_IDENTITY[sdk=iphoneos*]" = "iPhone Developer";
				ENABLE_BITCODE = NO;
				FRAMEWORK_SEARCH_PATHS = (
					"$(inherited)",
					"$(PROJECT_DIR)",
					"$(inherited)",
					"$(PROJECT_DIR)/ios_api",
					"$(PROJECT_DIR)/AdsMoGoSDK",
				);
				HEADER_SEARCH_PATHS = (
					"$(inherited)",
					/Applications/Xcode.app/Contents/Developer/Toolchains/XcodeDefault.xctoolchain/usr/include,
					/usr/include/libxml2,
				);
				INFOPLIST_FILE = Coupons/Info.plist;
				IPHONEOS_DEPLOYMENT_TARGET = 8.0;
				LD_RUNPATH_SEARCH_PATHS = "$(inherited) @executable_path/Frameworks";
				LIBRARY_SEARCH_PATHS = (
					"$(inherited)",
					"$(PROJECT_DIR)/Coupons/open",
					source,
					"$(PROJECT_DIR)/Coupons/open",
					source,
					"$(PROJECT_DIR)",
					"$(PROJECT_DIR)/ios_api",
					"$(PROJECT_DIR)/AdsMoGoSDK",
					"$(PROJECT_DIR)/AdsMoGoSDK/DomobAdSDK",
					"$(PROJECT_DIR)/DomobAdSDK",
				);
				PRODUCT_BUNDLE_IDENTIFIER = com.michael.coupons;
				PRODUCT_NAME = "$(TARGET_NAME)";
				PROVISIONING_PROFILE = "";
			};
			name = Debug;
		};
		4CE87EF01B18499C0011D6B5 /* Release */ = {
			isa = XCBuildConfiguration;
			baseConfigurationReference = BA8B3120F7B87579895ED932 /* Pods-Coupons.release.xcconfig */;
			buildSettings = {
				ASSETCATALOG_COMPILER_APPICON_NAME = AppIcon;
				ASSETCATALOG_COMPILER_LAUNCHIMAGE_NAME = LaunchImage;
				CODE_SIGN_IDENTITY = "iPhone Developer";
				"CODE_SIGN_IDENTITY[sdk=iphoneos*]" = "iPhone Developer";
				ENABLE_BITCODE = NO;
				FRAMEWORK_SEARCH_PATHS = (
					"$(inherited)",
					"$(PROJECT_DIR)",
					"$(inherited)",
					"$(PROJECT_DIR)/ios_api",
					"$(PROJECT_DIR)/AdsMoGoSDK",
				);
				HEADER_SEARCH_PATHS = (
					"$(inherited)",
					/Applications/Xcode.app/Contents/Developer/Toolchains/XcodeDefault.xctoolchain/usr/include,
					/usr/include/libxml2,
				);
				INFOPLIST_FILE = Coupons/Info.plist;
				IPHONEOS_DEPLOYMENT_TARGET = 8.0;
				LD_RUNPATH_SEARCH_PATHS = "$(inherited) @executable_path/Frameworks";
				LIBRARY_SEARCH_PATHS = (
					"$(inherited)",
					"$(PROJECT_DIR)/Coupons/open",
					source,
					"$(PROJECT_DIR)/Coupons/open",
					source,
					"$(PROJECT_DIR)",
					"$(PROJECT_DIR)/ios_api",
					"$(PROJECT_DIR)/AdsMoGoSDK",
					"$(PROJECT_DIR)/AdsMoGoSDK/DomobAdSDK",
					"$(PROJECT_DIR)/DomobAdSDK",
				);
				PRODUCT_BUNDLE_IDENTIFIER = com.michael.coupons;
				PRODUCT_NAME = "$(TARGET_NAME)";
				PROVISIONING_PROFILE = "";
			};
			name = Release;
		};
		4CE87EF21B18499C0011D6B5 /* Debug */ = {
			isa = XCBuildConfiguration;
			buildSettings = {
				BUNDLE_LOADER = "$(TEST_HOST)";
				FRAMEWORK_SEARCH_PATHS = (
					"$(SDKROOT)/Developer/Library/Frameworks",
					"$(inherited)",
				);
				GCC_PREPROCESSOR_DEFINITIONS = (
					"DEBUG=1",
					"$(inherited)",
				);
				INFOPLIST_FILE = CouponsTests/Info.plist;
				LD_RUNPATH_SEARCH_PATHS = "$(inherited) @executable_path/Frameworks @loader_path/Frameworks";
				PRODUCT_BUNDLE_IDENTIFIER = "com.michael.$(PRODUCT_NAME:rfc1034identifier)";
				PRODUCT_NAME = "$(TARGET_NAME)";
				TEST_HOST = "$(BUILT_PRODUCTS_DIR)/Coupons.app/Coupons";
			};
			name = Debug;
		};
		4CE87EF31B18499C0011D6B5 /* Release */ = {
			isa = XCBuildConfiguration;
			buildSettings = {
				BUNDLE_LOADER = "$(TEST_HOST)";
				FRAMEWORK_SEARCH_PATHS = (
					"$(SDKROOT)/Developer/Library/Frameworks",
					"$(inherited)",
				);
				INFOPLIST_FILE = CouponsTests/Info.plist;
				LD_RUNPATH_SEARCH_PATHS = "$(inherited) @executable_path/Frameworks @loader_path/Frameworks";
				PRODUCT_BUNDLE_IDENTIFIER = "com.michael.$(PRODUCT_NAME:rfc1034identifier)";
				PRODUCT_NAME = "$(TARGET_NAME)";
				TEST_HOST = "$(BUILT_PRODUCTS_DIR)/Coupons.app/Coupons";
			};
			name = Release;
		};
/* End XCBuildConfiguration section */

/* Begin XCConfigurationList section */
		4CE87EC61B18499C0011D6B5 /* Build configuration list for PBXProject "Coupons" */ = {
			isa = XCConfigurationList;
			buildConfigurations = (
				4CE87EEC1B18499C0011D6B5 /* Debug */,
				4CE87EED1B18499C0011D6B5 /* Release */,
			);
			defaultConfigurationIsVisible = 0;
			defaultConfigurationName = Release;
		};
		4CE87EEE1B18499C0011D6B5 /* Build configuration list for PBXNativeTarget "Coupons" */ = {
			isa = XCConfigurationList;
			buildConfigurations = (
				4CE87EEF1B18499C0011D6B5 /* Debug */,
				4CE87EF01B18499C0011D6B5 /* Release */,
			);
			defaultConfigurationIsVisible = 0;
			defaultConfigurationName = Release;
		};
		4CE87EF11B18499C0011D6B5 /* Build configuration list for PBXNativeTarget "CouponsTests" */ = {
			isa = XCConfigurationList;
			buildConfigurations = (
				4CE87EF21B18499C0011D6B5 /* Debug */,
				4CE87EF31B18499C0011D6B5 /* Release */,
			);
			defaultConfigurationIsVisible = 0;
			defaultConfigurationName = Release;
		};
/* End XCConfigurationList section */
	};
	rootObject = 4CE87EC31B18499C0011D6B5 /* Project object */;
}
